{
    "name": "schematic",
    "version": "1.0.0",
    "lockfileVersion": 2,
    "requires": true,
    "packages": {
        "": {
            "name": "schematic",
            "version": "1.0.0",
            "license": "MIT",
            "dependencies": {
                "fs": "^0.0.1-security"
            },
            "devDependencies": {
                "@minecraft/server": "beta",
                "@minecraft/server-gametest": "beta",
                "@minecraft/server-ui": "beta",
                "fs-extra": "^11.1.0",
                "typescript": "^4.5.2"
            }
        },
        "node_modules/@minecraft/server": {
            "version": "1.1.0-beta.1.19.60-preview.26",
            "resolved": "https://registry.npmjs.org/@minecraft/server/-/server-1.1.0-beta.1.19.60-preview.26.tgz",
            "integrity": "sha512-SR8xaw6tTIAsdJuXcpqYiQd8EAtH8QYQPIKlTjqBZEJcQ8HCBxD5kBAECjYBseTnUIOoJx7UOo7nY7CmvKLjoA==",
            "dev": true
        },
        "node_modules/@minecraft/server-gametest": {
            "version": "1.0.0-beta.1.19.60-preview.26",
            "resolved": "https://registry.npmjs.org/@minecraft/server-gametest/-/server-gametest-1.0.0-beta.1.19.60-preview.26.tgz",
            "integrity": "sha512-wv1CsZXxmuQi5DrlTfF0kMm7gA27c+0MCyYSC/dIBrIDVQJa6CFlwy22B60SHtZCyoufhe8dGxHV6MUROhl5GQ==",
            "dev": true,
            "dependencies": {
                "@minecraft/server": "1.1.0-beta.1.19.60-preview.26"
            }
        },
        "node_modules/@minecraft/server-ui": {
            "version": "1.0.0-beta.1.19.60-preview.26",
            "resolved": "https://registry.npmjs.org/@minecraft/server-ui/-/server-ui-1.0.0-beta.1.19.60-preview.26.tgz",
            "integrity": "sha512-oZoZlCVh94mgMiQjlmg2aA9b88M0zd4R0QeOJGi/2dhRrhqn1y979SpTlISY4uMeT0lZ41B599nnxZfSloVTyg==",
            "dev": true,
            "dependencies": {
                "@minecraft/server": "1.1.0-beta.1.19.60-preview.26"
            }
        },
        "node_modules/fs": {
            "version": "0.0.1-security",
            "resolved": "https://registry.npmjs.org/fs/-/fs-0.0.1-security.tgz",
            "integrity": "sha512-3XY9e1pP0CVEUCdj5BmfIZxRBTSDycnbqhIOGec9QYtmVH2fbLpj86CFWkrNOkt/Fvty4KZG5lTglL9j/gJ87w=="
        },
        "node_modules/fs-extra": {
            "version": "11.1.0",
            "resolved": "https://registry.npmjs.org/fs-extra/-/fs-extra-11.1.0.tgz",
            "integrity": "sha512-0rcTq621PD5jM/e0a3EJoGC/1TC5ZBCERW82LQuwfGnCa1V8w7dpYH1yNu+SLb6E5dkeCBzKEyLGlFrnr+dUyw==",
            "dev": true,
            "dependencies": {
                "graceful-fs": "^4.2.0",
                "jsonfile": "^6.0.1",
                "universalify": "^2.0.0"
            },
            "engines": {
                "node": ">=14.14"
            }
        },
        "node_modules/graceful-fs": {
            "version": "4.2.10",
            "resolved": "https://registry.npmjs.org/graceful-fs/-/graceful-fs-4.2.10.tgz",
            "integrity": "sha512-9ByhssR2fPVsNZj478qUUbKfmL0+t5BDVyjShtyZZLiK7ZDAArFFfopyOTj0M05wE2tJPisA4iTnnXl2YoPvOA==",
            "dev": true
        },
        "node_modules/jsonfile": {
            "version": "6.1.0",
            "resolved": "https://registry.npmjs.org/jsonfile/-/jsonfile-6.1.0.tgz",
            "integrity": "sha512-5dgndWOriYSm5cnYaJNhalLNDKOqFwyDB/rr1E9ZsGciGvKPs8R2xYGCacuf3z6K1YKDz182fd+fY3cn3pMqXQ==",
            "dev": true,
            "dependencies": {
                "universalify": "^2.0.0"
            },
            "optionalDependencies": {
                "graceful-fs": "^4.1.6"
            }
        },
        "node_modules/typescript": {
            "version": "4.9.4",
            "resolved": "https://registry.npmjs.org/typescript/-/typescript-4.9.4.tgz",
            "integrity": "sha512-Uz+dTXYzxXXbsFpM86Wh3dKCxrQqUcVMxwU54orwlJjOpO3ao8L7j5lH+dWfTwgCwIuM9GQ2kvVotzYJMXTBZg==",
            "dev": true,
            "bin": {
                "tsc": "bin/tsc",
                "tsserver": "bin/tsserver"
            },
            "engines": {
                "node": ">=4.2.0"
            }
        },
        "node_modules/universalify": {
            "version": "2.0.0",
            "resolved": "https://registry.npmjs.org/universalify/-/universalify-2.0.0.tgz",
            "integrity": "sha512-hAZsKq7Yy11Zu1DE0OzWjw7nnLZmJZYTDZZyEFHZdUhV8FkH5MCfoU1XMaxXovpyW5nq5scPqq0ZDP9Zyl04oQ==",
            "dev": true,
            "engines": {
                "node": ">= 10.0.0"
            }
        }
    },
    "dependencies": {
        "@minecraft/server": {
            "version": "1.1.0-beta.1.19.60-preview.26",
            "resolved": "https://registry.npmjs.org/@minecraft/server/-/server-1.1.0-beta.1.19.60-preview.26.tgz",
            "integrity": "sha512-SR8xaw6tTIAsdJuXcpqYiQd8EAtH8QYQPIKlTjqBZEJcQ8HCBxD5kBAECjYBseTnUIOoJx7UOo7nY7CmvKLjoA==",
            "dev": true
        },
        "@minecraft/server-gametest": {
            "version": "1.0.0-beta.1.19.60-preview.26",
            "resolved": "https://registry.npmjs.org/@minecraft/server-gametest/-/server-gametest-1.0.0-beta.1.19.60-preview.26.tgz",
            "integrity": "sha512-wv1CsZXxmuQi5DrlTfF0kMm7gA27c+0MCyYSC/dIBrIDVQJa6CFlwy22B60SHtZCyoufhe8dGxHV6MUROhl5GQ==",
            "dev": true,
            "requires": {
                "@minecraft/server": "1.1.0-beta.1.19.60-preview.26"
            }
        },
        "@minecraft/server-ui": {
            "version": "1.0.0-beta.1.19.60-preview.26",
            "resolved": "https://registry.npmjs.org/@minecraft/server-ui/-/server-ui-1.0.0-beta.1.19.60-preview.26.tgz",
            "integrity": "sha512-oZoZlCVh94mgMiQjlmg2aA9b88M0zd4R0QeOJGi/2dhRrhqn1y979SpTlISY4uMeT0lZ41B599nnxZfSloVTyg==",
            "dev": true,
            "requires": {
                "@minecraft/server": "1.1.0-beta.1.19.60-preview.26"
            }
        },
        "fs": {
            "version": "0.0.1-security",
            "resolved": "https://registry.npmjs.org/fs/-/fs-0.0.1-security.tgz",
            "integrity": "sha512-3XY9e1pP0CVEUCdj5BmfIZxRBTSDycnbqhIOGec9QYtmVH2fbLpj86CFWkrNOkt/Fvty4KZG5lTglL9j/gJ87w=="
        },
        "fs-extra": {
            "version": "11.1.0",
            "resolved": "https://registry.npmjs.org/fs-extra/-/fs-extra-11.1.0.tgz",
            "integrity": "sha512-0rcTq621PD5jM/e0a3EJoGC/1TC5ZBCERW82LQuwfGnCa1V8w7dpYH1yNu+SLb6E5dkeCBzKEyLGlFrnr+dUyw==",
            "dev": true,
            "requires": {
                "graceful-fs": "^4.2.0",
                "jsonfile": "^6.0.1",
                "universalify": "^2.0.0"
            }
        },
        "graceful-fs": {
            "version": "4.2.10",
            "resolved": "https://registry.npmjs.org/graceful-fs/-/graceful-fs-4.2.10.tgz",
            "integrity": "sha512-9ByhssR2fPVsNZj478qUUbKfmL0+t5BDVyjShtyZZLiK7ZDAArFFfopyOTj0M05wE2tJPisA4iTnnXl2YoPvOA==",
            "dev": true
        },
        "jsonfile": {
            "version": "6.1.0",
            "resolved": "https://registry.npmjs.org/jsonfile/-/jsonfile-6.1.0.tgz",
            "integrity": "sha512-5dgndWOriYSm5cnYaJNhalLNDKOqFwyDB/rr1E9ZsGciGvKPs8R2xYGCacuf3z6K1YKDz182fd+fY3cn3pMqXQ==",
            "dev": true,
            "requires": {
                "graceful-fs": "^4.1.6",
                "universalify": "^2.0.0"
            }
        },
        "typescript": {
            "version": "4.9.4",
            "resolved": "https://registry.npmjs.org/typescript/-/typescript-4.9.4.tgz",
            "integrity": "sha512-Uz+dTXYzxXXbsFpM86Wh3dKCxrQqUcVMxwU54orwlJjOpO3ao8L7j5lH+dWfTwgCwIuM9GQ2kvVotzYJMXTBZg==",
            "dev": true
        },
        "universalify": {
            "version": "2.0.0",
            "resolved": "https://registry.npmjs.org/universalify/-/universalify-2.0.0.tgz",
            "integrity": "sha512-hAZsKq7Yy11Zu1DE0OzWjw7nnLZmJZYTDZZyEFHZdUhV8FkH5MCfoU1XMaxXovpyW5nq5scPqq0ZDP9Zyl04oQ==",
            "dev": true
        }
    }
}
